// !$*UTF8*$!
{
	archiveVersion = 1;
	classes = {
	};
	objectVersion = 46;
	objects = {

/* Begin PBXBuildFile section */
		4CC989544CE4984995B22216 /* libPods-TestingCircleCITests.a in Frameworks */ = {isa = PBXBuildFile; fileRef = 65368063322F5F20CDE05584 /* libPods-TestingCircleCITests.a */; };
		77DB9C0F1AA9079E001EAB7A /* AppDelegate.swift in Sources */ = {isa = PBXBuildFile; fileRef = 77DB9C0E1AA9079E001EAB7A /* AppDelegate.swift */; };
		77DB9C111AA9079E001EAB7A /* ViewController.swift in Sources */ = {isa = PBXBuildFile; fileRef = 77DB9C101AA9079E001EAB7A /* ViewController.swift */; };
		77DB9C141AA9079E001EAB7A /* Main.storyboard in Resources */ = {isa = PBXBuildFile; fileRef = 77DB9C121AA9079E001EAB7A /* Main.storyboard */; };
		77DB9C161AA9079E001EAB7A /* Images.xcassets in Resources */ = {isa = PBXBuildFile; fileRef = 77DB9C151AA9079E001EAB7A /* Images.xcassets */; };
		77DB9C191AA9079E001EAB7A /* LaunchScreen.xib in Resources */ = {isa = PBXBuildFile; fileRef = 77DB9C171AA9079E001EAB7A /* LaunchScreen.xib */; };
		77DB9C251AA9079E001EAB7A /* TestingCircleCITests.swift in Sources */ = {isa = PBXBuildFile; fileRef = 77DB9C241AA9079E001EAB7A /* TestingCircleCITests.swift */; };
		E79E7B94B023F0F8322B3959 /* libPods-TestingCircleCI.a in Frameworks */ = {isa = PBXBuildFile; fileRef = 58E150250F036DAF8048DE89 /* libPods-TestingCircleCI.a */; };
/* End PBXBuildFile section */

/* Begin PBXContainerItemProxy section */
		77DB9C1F1AA9079E001EAB7A /* PBXContainerItemProxy */ = {
			isa = PBXContainerItemProxy;
			containerPortal = 77DB9C011AA9079E001EAB7A /* Project object */;
			proxyType = 1;
			remoteGlobalIDString = 77DB9C081AA9079E001EAB7A;
			remoteInfo = TestingCircleCI;
		};
/* End PBXContainerItemProxy section */

/* Begin PBXFileReference section */
		2B74F78745FBF599D4E3A0B7 /* Pods-TestingCircleCI.release.xcconfig */ = {isa = PBXFileReference; includeInIndex = 1; lastKnownFileType = text.xcconfig; name = "Pods-TestingCircleCI.release.xcconfig"; path = "Pods/Target Support Files/Pods-TestingCircleCI/Pods-TestingCircleCI.release.xcconfig"; sourceTree = "<group>"; };
		58E150250F036DAF8048DE89 /* libPods-TestingCircleCI.a */ = {isa = PBXFileReference; explicitFileType = archive.ar; includeInIndex = 0; path = "libPods-TestingCircleCI.a"; sourceTree = BUILT_PRODUCTS_DIR; };
		65368063322F5F20CDE05584 /* libPods-TestingCircleCITests.a */ = {isa = PBXFileReference; explicitFileType = archive.ar; includeInIndex = 0; path = "libPods-TestingCircleCITests.a"; sourceTree = BUILT_PRODUCTS_DIR; };
		77DB9C091AA9079E001EAB7A /* TestingCircleCI.app */ = {isa = PBXFileReference; explicitFileType = wrapper.application; includeInIndex = 0; path = TestingCircleCI.app; sourceTree = BUILT_PRODUCTS_DIR; };
		77DB9C0D1AA9079E001EAB7A /* Info.plist */ = {isa = PBXFileReference; lastKnownFileType = text.plist.xml; path = Info.plist; sourceTree = "<group>"; };
		77DB9C0E1AA9079E001EAB7A /* AppDelegate.swift */ = {isa = PBXFileReference; lastKnownFileType = sourcecode.swift; path = AppDelegate.swift; sourceTree = "<group>"; };
		77DB9C101AA9079E001EAB7A /* ViewController.swift */ = {isa = PBXFileReference; lastKnownFileType = sourcecode.swift; path = ViewController.swift; sourceTree = "<group>"; };
		77DB9C131AA9079E001EAB7A /* Base */ = {isa = PBXFileReference; lastKnownFileType = file.storyboard; name = Base; path = Base.lproj/Main.storyboard; sourceTree = "<group>"; };
		77DB9C151AA9079E001EAB7A /* Images.xcassets */ = {isa = PBXFileReference; lastKnownFileType = folder.assetcatalog; path = Images.xcassets; sourceTree = "<group>"; };
		77DB9C181AA9079E001EAB7A /* Base */ = {isa = PBXFileReference; lastKnownFileType = file.xib; name = Base; path = Base.lproj/LaunchScreen.xib; sourceTree = "<group>"; };
		77DB9C1E1AA9079E001EAB7A /* TestingCircleCITests.xctest */ = {isa = PBXFileReference; explicitFileType = wrapper.cfbundle; includeInIndex = 0; path = TestingCircleCITests.xctest; sourceTree = BUILT_PRODUCTS_DIR; };
		77DB9C231AA9079E001EAB7A /* Info.plist */ = {isa = PBXFileReference; lastKnownFileType = text.plist.xml; path = Info.plist; sourceTree = "<group>"; };
		77DB9C241AA9079E001EAB7A /* TestingCircleCITests.swift */ = {isa = PBXFileReference; lastKnownFileType = sourcecode.swift; path = TestingCircleCITests.swift; sourceTree = "<group>"; };
		7913FE32A1BEBF9076DE9E0C /* Pods-TestingCircleCI.debug.xcconfig */ = {isa = PBXFileReference; includeInIndex = 1; lastKnownFileType = text.xcconfig; name = "Pods-TestingCircleCI.debug.xcconfig"; path = "Pods/Target Support Files/Pods-TestingCircleCI/Pods-TestingCircleCI.debug.xcconfig"; sourceTree = "<group>"; };
		82B938B9991D0355DA45F4B2 /* Pods-TestingCircleCITests.release.xcconfig */ = {isa = PBXFileReference; includeInIndex = 1; lastKnownFileType = text.xcconfig; name = "Pods-TestingCircleCITests.release.xcconfig"; path = "Pods/Target Support Files/Pods-TestingCircleCITests/Pods-TestingCircleCITests.release.xcconfig"; sourceTree = "<group>"; };
		983BA44DA8BABA6B51F857C0 /* Pods-TestingCircleCITests.debug.xcconfig */ = {isa = PBXFileReference; includeInIndex = 1; lastKnownFileType = text.xcconfig; name = "Pods-TestingCircleCITests.debug.xcconfig"; path = "Pods/Target Support Files/Pods-TestingCircleCITests/Pods-TestingCircleCITests.debug.xcconfig"; sourceTree = "<group>"; };
/* End PBXFileReference section */

/* Begin PBXFrameworksBuildPhase section */
		77DB9C061AA9079E001EAB7A /* Frameworks */ = {
			isa = PBXFrameworksBuildPhase;
			buildActionMask = 2147483647;
			files = (
				E79E7B94B023F0F8322B3959 /* libPods-TestingCircleCI.a in Frameworks */,
			);
			runOnlyForDeploymentPostprocessing = 0;
		};
		77DB9C1B1AA9079E001EAB7A /* Frameworks */ = {
			isa = PBXFrameworksBuildPhase;
			buildActionMask = 2147483647;
			files = (
				4CC989544CE4984995B22216 /* libPods-TestingCircleCITests.a in Frameworks */,
			);
			runOnlyForDeploymentPostprocessing = 0;
		};
/* End PBXFrameworksBuildPhase section */

/* Begin PBXGroup section */
		2DEB9AEF34D61FCB7CA9CDB7 /* Pods */ = {
			isa = PBXGroup;
			children = (
				7913FE32A1BEBF9076DE9E0C /* Pods-TestingCircleCI.debug.xcconfig */,
				2B74F78745FBF599D4E3A0B7 /* Pods-TestingCircleCI.release.xcconfig */,
				983BA44DA8BABA6B51F857C0 /* Pods-TestingCircleCITests.debug.xcconfig */,
				82B938B9991D0355DA45F4B2 /* Pods-TestingCircleCITests.release.xcconfig */,
			);
			name = Pods;
			sourceTree = "<group>";
		};
		72F351823923C4500B6465B3 /* Frameworks */ = {
			isa = PBXGroup;
			children = (
				58E150250F036DAF8048DE89 /* libPods-TestingCircleCI.a */,
				65368063322F5F20CDE05584 /* libPods-TestingCircleCITests.a */,
			);
			name = Frameworks;
			sourceTree = "<group>";
		};
		77DB9C001AA9079E001EAB7A = {
			isa = PBXGroup;
			children = (
				77DB9C0B1AA9079E001EAB7A /* TestingCircleCI */,
				77DB9C211AA9079E001EAB7A /* TestingCircleCITests */,
				77DB9C0A1AA9079E001EAB7A /* Products */,
				2DEB9AEF34D61FCB7CA9CDB7 /* Pods */,
				72F351823923C4500B6465B3 /* Frameworks */,
			);
			sourceTree = "<group>";
		};
		77DB9C0A1AA9079E001EAB7A /* Products */ = {
			isa = PBXGroup;
			children = (
				77DB9C091AA9079E001EAB7A /* TestingCircleCI.app */,
				77DB9C1E1AA9079E001EAB7A /* TestingCircleCITests.xctest */,
			);
			name = Products;
			sourceTree = "<group>";
		};
		77DB9C0B1AA9079E001EAB7A /* TestingCircleCI */ = {
			isa = PBXGroup;
			children = (
				77DB9C0E1AA9079E001EAB7A /* AppDelegate.swift */,
				77DB9C101AA9079E001EAB7A /* ViewController.swift */,
				77DB9C121AA9079E001EAB7A /* Main.storyboard */,
				77DB9C151AA9079E001EAB7A /* Images.xcassets */,
				77DB9C171AA9079E001EAB7A /* LaunchScreen.xib */,
				77DB9C0C1AA9079E001EAB7A /* Supporting Files */,
			);
			path = TestingCircleCI;
			sourceTree = "<group>";
		};
		77DB9C0C1AA9079E001EAB7A /* Supporting Files */ = {
			isa = PBXGroup;
			children = (
				77DB9C0D1AA9079E001EAB7A /* Info.plist */,
			);
			name = "Supporting Files";
			sourceTree = "<group>";
		};
		77DB9C211AA9079E001EAB7A /* TestingCircleCITests */ = {
			isa = PBXGroup;
			children = (
				77DB9C241AA9079E001EAB7A /* TestingCircleCITests.swift */,
				77DB9C221AA9079E001EAB7A /* Supporting Files */,
			);
			path = TestingCircleCITests;
			sourceTree = "<group>";
		};
		77DB9C221AA9079E001EAB7A /* Supporting Files */ = {
			isa = PBXGroup;
			children = (
				77DB9C231AA9079E001EAB7A /* Info.plist */,
			);
			name = "Supporting Files";
			sourceTree = "<group>";
		};
/* End PBXGroup section */

/* Begin PBXNativeTarget section */
		77DB9C081AA9079E001EAB7A /* TestingCircleCI */ = {
			isa = PBXNativeTarget;
			buildConfigurationList = 77DB9C281AA9079E001EAB7A /* Build configuration list for PBXNativeTarget "TestingCircleCI" */;
			buildPhases = (
				0E10D444A7393A8CEDD69D5C /* [CP] Check Pods Manifest.lock */,
				77DB9C051AA9079E001EAB7A /* Sources */,
				77DB9C061AA9079E001EAB7A /* Frameworks */,
				77DB9C071AA9079E001EAB7A /* Resources */,
				8D93D6CE585B4715A69383EA /* [CP] Copy Pods Resources */,
				2D0CA9E65C083B5AC9A15BA0 /* [CP] Embed Pods Frameworks */,
			);
			buildRules = (
			);
			dependencies = (
			);
			name = TestingCircleCI;
			productName = TestingCircleCI;
			productReference = 77DB9C091AA9079E001EAB7A /* TestingCircleCI.app */;
			productType = "com.apple.product-type.application";
		};
		77DB9C1D1AA9079E001EAB7A /* TestingCircleCITests */ = {
			isa = PBXNativeTarget;
			buildConfigurationList = 77DB9C2B1AA9079E001EAB7A /* Build configuration list for PBXNativeTarget "TestingCircleCITests" */;
			buildPhases = (
				7381681AEC113288FC1D2872 /* [CP] Check Pods Manifest.lock */,
				77DB9C1A1AA9079E001EAB7A /* Sources */,
				77DB9C1B1AA9079E001EAB7A /* Frameworks */,
				77DB9C1C1AA9079E001EAB7A /* Resources */,
				BBBE7742D2449CF8D62AB3DA /* [CP] Embed Pods Frameworks */,
				7FCC0B86BB0044A2A6FE1EB6 /* [CP] Copy Pods Resources */,
			);
			buildRules = (
			);
			dependencies = (
				77DB9C201AA9079E001EAB7A /* PBXTargetDependency */,
			);
			name = TestingCircleCITests;
			productName = TestingCircleCITests;
			productReference = 77DB9C1E1AA9079E001EAB7A /* TestingCircleCITests.xctest */;
			productType = "com.apple.product-type.bundle.unit-test";
		};
/* End PBXNativeTarget section */

/* Begin PBXProject section */
		77DB9C011AA9079E001EAB7A /* Project object */ = {
			isa = PBXProject;
			attributes = {
				LastUpgradeCheck = 0610;
				ORGANIZATIONNAME = "Carlos Compean";
				TargetAttributes = {
					77DB9C081AA9079E001EAB7A = {
						CreatedOnToolsVersion = 6.1.1;
						LastSwiftMigration = 0820;
					};
					77DB9C1D1AA9079E001EAB7A = {
						CreatedOnToolsVersion = 6.1.1;
						LastSwiftMigration = 0820;
						TestTargetID = 77DB9C081AA9079E001EAB7A;
					};
				};
			};
			buildConfigurationList = 77DB9C041AA9079E001EAB7A /* Build configuration list for PBXProject "TestingCircleCI" */;
			compatibilityVersion = "Xcode 3.2";
			developmentRegion = English;
			hasScannedForEncodings = 0;
			knownRegions = (
				en,
				Base,
			);
			mainGroup = 77DB9C001AA9079E001EAB7A;
			productRefGroup = 77DB9C0A1AA9079E001EAB7A /* Products */;
			projectDirPath = "";
			projectRoot = "";
			targets = (
				77DB9C081AA9079E001EAB7A /* TestingCircleCI */,
				77DB9C1D1AA9079E001EAB7A /* TestingCircleCITests */,
			);
		};
/* End PBXProject section */

/* Begin PBXResourcesBuildPhase section */
		77DB9C071AA9079E001EAB7A /* Resources */ = {
			isa = PBXResourcesBuildPhase;
			buildActionMask = 2147483647;
			files = (
				77DB9C141AA9079E001EAB7A /* Main.storyboard in Resources */,
				77DB9C191AA9079E001EAB7A /* LaunchScreen.xib in Resources */,
				77DB9C161AA9079E001EAB7A /* Images.xcassets in Resources */,
			);
			runOnlyForDeploymentPostprocessing = 0;
		};
		77DB9C1C1AA9079E001EAB7A /* Resources */ = {
			isa = PBXResourcesBuildPhase;
			buildActionMask = 2147483647;
			files = (
			);
			runOnlyForDeploymentPostprocessing = 0;
		};
/* End PBXResourcesBuildPhase section */

/* Begin PBXShellScriptBuildPhase section */
		0E10D444A7393A8CEDD69D5C /* [CP] Check Pods Manifest.lock */ = {
			isa = PBXShellScriptBuildPhase;
			buildActionMask = 2147483647;
			files = (
			);
			inputPaths = (
			);
			name = "[CP] Check Pods Manifest.lock";
			outputPaths = (
			);
			runOnlyForDeploymentPostprocessing = 0;
			shellPath = /bin/sh;
			shellScript = "diff \"${PODS_ROOT}/../Podfile.lock\" \"${PODS_ROOT}/Manifest.lock\" > /dev/null\nif [ $? != 0 ] ; then\n    # print error to STDERR\n    echo \"error: The sandbox is not in sync with the Podfile.lock. Run 'pod install' or update your CocoaPods installation.\" >&2\n    exit 1\nfi\n";
			showEnvVarsInLog = 0;
		};
		2D0CA9E65C083B5AC9A15BA0 /* [CP] Embed Pods Frameworks */ = {
			isa = PBXShellScriptBuildPhase;
			buildActionMask = 2147483647;
			files = (
			);
			inputPaths = (
			);
			name = "[CP] Embed Pods Frameworks";
			outputPaths = (
			);
			runOnlyForDeploymentPostprocessing = 0;
			shellPath = /bin/sh;
			shellScript = "\"${SRCROOT}/Pods/Target Support Files/Pods-TestingCircleCI/Pods-TestingCircleCI-frameworks.sh\"\n";
			showEnvVarsInLog = 0;
		};
		7381681AEC113288FC1D2872 /* [CP] Check Pods Manifest.lock */ = {
			isa = PBXShellScriptBuildPhase;
			buildActionMask = 2147483647;
			files = (
			);
			inputPaths = (
			);
			name = "[CP] Check Pods Manifest.lock";
			outputPaths = (
			);
			runOnlyForDeploymentPostprocessing = 0;
			shellPath = /bin/sh;
			shellScript = "diff \"${PODS_ROOT}/../Podfile.lock\" \"${PODS_ROOT}/Manifest.lock\" > /dev/null\nif [ $? != 0 ] ; then\n    # print error to STDERR\n    echo \"error: The sandbox is not in sync with the Podfile.lock. Run 'pod install' or update your CocoaPods installation.\" >&2\n    exit 1\nfi\n";
			showEnvVarsInLog = 0;
		};
		7FCC0B86BB0044A2A6FE1EB6 /* [CP] Copy Pods Resources */ = {
			isa = PBXShellScriptBuildPhase;
			buildActionMask = 2147483647;
			files = (
			);
			inputPaths = (
			);
			name = "[CP] Copy Pods Resources";
			outputPaths = (
			);
			runOnlyForDeploymentPostprocessing = 0;
			shellPath = /bin/sh;
			shellScript = "\"${SRCROOT}/Pods/Target Support Files/Pods-TestingCircleCITests/Pods-TestingCircleCITests-resources.sh\"\n";
			showEnvVarsInLog = 0;
		};
		8D93D6CE585B4715A69383EA /* [CP] Copy Pods Resources */ = {
			isa = PBXShellScriptBuildPhase;
			buildActionMask = 2147483647;
			files = (
			);
			inputPaths = (
			);
			name = "[CP] Copy Pods Resources";
			outputPaths = (
			);
			runOnlyForDeploymentPostprocessing = 0;
			shellPath = /bin/sh;
			shellScript = "\"${SRCROOT}/Pods/Target Support Files/Pods-TestingCircleCI/Pods-TestingCircleCI-resources.sh\"\n";
			showEnvVarsInLog = 0;
		};
		BBBE7742D2449CF8D62AB3DA /* [CP] Embed Pods Frameworks */ = {
			isa = PBXShellScriptBuildPhase;
			buildActionMask = 2147483647;
			files = (
			);
			inputPaths = (
			);
			name = "[CP] Embed Pods Frameworks";
			outputPaths = (
			);
			runOnlyForDeploymentPostprocessing = 0;
			shellPath = /bin/sh;
			shellScript = "\"${SRCROOT}/Pods/Target Support Files/Pods-TestingCircleCITests/Pods-TestingCircleCITests-frameworks.sh\"\n";
			showEnvVarsInLog = 0;
		};
/* End PBXShellScriptBuildPhase section */

/* Begin PBXSourcesBuildPhase section */
		77DB9C051AA9079E001EAB7A /* Sources */ = {
			isa = PBXSourcesBuildPhase;
			buildActionMask = 2147483647;
			files = (
				77DB9C111AA9079E001EAB7A /* ViewController.swift in Sources */,
				77DB9C0F1AA9079E001EAB7A /* AppDelegate.swift in Sources */,
			);
			runOnlyForDeploymentPostprocessing = 0;
		};
		77DB9C1A1AA9079E001EAB7A /* Sources */ = {
			isa = PBXSourcesBuildPhase;
			buildActionMask = 2147483647;
			files = (
				77DB9C251AA9079E001EAB7A /* TestingCircleCITests.swift in Sources */,
			);
			runOnlyForDeploymentPostprocessing = 0;
		};
/* End PBXSourcesBuildPhase section */

/* Begin PBXTargetDependency section */
		77DB9C201AA9079E001EAB7A /* PBXTargetDependency */ = {
			isa = PBXTargetDependency;
			target = 77DB9C081AA9079E001EAB7A /* TestingCircleCI */;
			targetProxy = 77DB9C1F1AA9079E001EAB7A /* PBXContainerItemProxy */;
		};
/* End PBXTargetDependency section */

/* Begin PBXVariantGroup section */
		77DB9C121AA9079E001EAB7A /* Main.storyboard */ = {
			isa = PBXVariantGroup;
			children = (
				77DB9C131AA9079E001EAB7A /* Base */,
			);
			name = Main.storyboard;
			sourceTree = "<group>";
		};
		77DB9C171AA9079E001EAB7A /* LaunchScreen.xib */ = {
			isa = PBXVariantGroup;
			children = (
				77DB9C181AA9079E001EAB7A /* Base */,
			);
			name = LaunchScreen.xib;
			sourceTree = "<group>";
		};
/* End PBXVariantGroup section */

/* Begin XCBuildConfiguration section */
		77DB9C261AA9079E001EAB7A /* Debug */ = {
			isa = XCBuildConfiguration;
			buildSettings = {
				ALWAYS_SEARCH_USER_PATHS = NO;
				CLANG_CXX_LANGUAGE_STANDARD = "gnu++0x";
				CLANG_CXX_LIBRARY = "libc++";
				CLANG_ENABLE_MODULES = YES;
				CLANG_ENABLE_OBJC_ARC = YES;
				CLANG_WARN_BOOL_CONVERSION = YES;
				CLANG_WARN_CONSTANT_CONVERSION = YES;
				CLANG_WARN_DIRECT_OBJC_ISA_USAGE = YES_ERROR;
				CLANG_WARN_EMPTY_BODY = YES;
				CLANG_WARN_ENUM_CONVERSION = YES;
				CLANG_WARN_INT_CONVERSION = YES;
				CLANG_WARN_OBJC_ROOT_CLASS = YES_ERROR;
				CLANG_WARN_UNREACHABLE_CODE = YES;
				CLANG_WARN__DUPLICATE_METHOD_MATCH = YES;
				"CODE_SIGN_IDENTITY[sdk=iphoneos*]" = "iPhone Developer";
				COPY_PHASE_STRIP = NO;
				ENABLE_STRICT_OBJC_MSGSEND = YES;
				GCC_C_LANGUAGE_STANDARD = gnu99;
				GCC_DYNAMIC_NO_PIC = NO;
				GCC_OPTIMIZATION_LEVEL = 0;
				GCC_PREPROCESSOR_DEFINITIONS = (
					"DEBUG=1",
					"$(inherited)",
				);
				GCC_SYMBOLS_PRIVATE_EXTERN = NO;
				GCC_WARN_64_TO_32_BIT_CONVERSION = YES;
				GCC_WARN_ABOUT_RETURN_TYPE = YES_ERROR;
				GCC_WARN_UNDECLARED_SELECTOR = YES;
				GCC_WARN_UNINITIALIZED_AUTOS = YES_AGGRESSIVE;
				GCC_WARN_UNUSED_FUNCTION = YES;
				GCC_WARN_UNUSED_VARIABLE = YES;
				IPHONEOS_DEPLOYMENT_TARGET = 8.1;
				MTL_ENABLE_DEBUG_INFO = YES;
				ONLY_ACTIVE_ARCH = YES;
				SDKROOT = iphoneos;
				SWIFT_OPTIMIZATION_LEVEL = "-Onone";
				TARGETED_DEVICE_FAMILY = "1,2";
			};
			name = Debug;
		};
		77DB9C271AA9079E001EAB7A /* Release */ = {
			isa = XCBuildConfiguration;
			buildSettings = {
				ALWAYS_SEARCH_USER_PATHS = NO;
				CLANG_CXX_LANGUAGE_STANDARD = "gnu++0x";
				CLANG_CXX_LIBRARY = "libc++";
				CLANG_ENABLE_MODULES = YES;
				CLANG_ENABLE_OBJC_ARC = YES;
				CLANG_WARN_BOOL_CONVERSION = YES;
				CLANG_WARN_CONSTANT_CONVERSION = YES;
				CLANG_WARN_DIRECT_OBJC_ISA_USAGE = YES_ERROR;
				CLANG_WARN_EMPTY_BODY = YES;
				CLANG_WARN_ENUM_CONVERSION = YES;
				CLANG_WARN_INT_CONVERSION = YES;
				CLANG_WARN_OBJC_ROOT_CLASS = YES_ERROR;
				CLANG_WARN_UNREACHABLE_CODE = YES;
				CLANG_WARN__DUPLICATE_METHOD_MATCH = YES;
				"CODE_SIGN_IDENTITY[sdk=iphoneos*]" = "iPhone Developer";
				COPY_PHASE_STRIP = YES;
				ENABLE_NS_ASSERTIONS = NO;
				ENABLE_STRICT_OBJC_MSGSEND = YES;
				GCC_C_LANGUAGE_STANDARD = gnu99;
				GCC_WARN_64_TO_32_BIT_CONVERSION = YES;
				GCC_WARN_ABOUT_RETURN_TYPE = YES_ERROR;
				GCC_WARN_UNDECLARED_SELECTOR = YES;
				GCC_WARN_UNINITIALIZED_AUTOS = YES_AGGRESSIVE;
				GCC_WARN_UNUSED_FUNCTION = YES;
				GCC_WARN_UNUSED_VARIABLE = YES;
				IPHONEOS_DEPLOYMENT_TARGET = 8.1;
				MTL_ENABLE_DEBUG_INFO = NO;
				SDKROOT = iphoneos;
				TARGETED_DEVICE_FAMILY = "1,2";
				VALIDATE_PRODUCT = YES;
			};
			name = Release;
		};
		77DB9C291AA9079E001EAB7A /* Debug */ = {
			isa = XCBuildConfiguration;
			baseConfigurationReference = 7913FE32A1BEBF9076DE9E0C /* Pods-TestingCircleCI.debug.xcconfig */;
			buildSettings = {
				ASSETCATALOG_COMPILER_APPICON_NAME = AppIcon;
				INFOPLIST_FILE = TestingCircleCI/Info.plist;
				LD_RUNPATH_SEARCH_PATHS = "$(inherited) @executable_path/Frameworks";
				PRODUCT_NAME = "$(TARGET_NAME)";
				SWIFT_VERSION = 3.0;
			};
			name = Debug;
		};
		77DB9C2A1AA9079E001EAB7A /* Release */ = {
			isa = XCBuildConfiguration;
			baseConfigurationReference = 2B74F78745FBF599D4E3A0B7 /* Pods-TestingCircleCI.release.xcconfig */;
			buildSettings = {
				ASSETCATALOG_COMPILER_APPICON_NAME = AppIcon;
				INFOPLIST_FILE = TestingCircleCI/Info.plist;
				LD_RUNPATH_SEARCH_PATHS = "$(inherited) @executable_path/Frameworks";
				PRODUCT_NAME = "$(TARGET_NAME)";
				PROVISIONING_PROFILE = "";
				SWIFT_VERSION = 3.0;
			};
			name = Release;
		};
		77DB9C2C1AA9079E001EAB7A /* Debug */ = {
			isa = XCBuildConfiguration;
			baseConfigurationReference = 983BA44DA8BABA6B51F857C0 /* Pods-TestingCircleCITests.debug.xcconfig */;
			buildSettings = {
				BUNDLE_LOADER = "$(TEST_HOST)";
				FRAMEWORK_SEARCH_PATHS = (
					"$(SDKROOT)/Developer/Library/Frameworks",
					"$(inherited)",
				);
				GCC_PREPROCESSOR_DEFINITIONS = (
					"DEBUG=1",
					"$(inherited)",
				);
				INFOPLIST_FILE = TestingCircleCITests/Info.plist;
				LD_RUNPATH_SEARCH_PATHS = "$(inherited) @executable_path/Frameworks @loader_path/Frameworks";
				PRODUCT_NAME = "$(TARGET_NAME)";
				SWIFT_VERSION = 3.0;
				TEST_HOST = "$(BUILT_PRODUCTS_DIR)/TestingCircleCI.app/TestingCircleCI";
			};
			name = Debug;
		};
		77DB9C2D1AA9079E001EAB7A /* Release */ = {
			isa = XCBuildConfiguration;
			baseConfigurationReference = 82B938B9991D0355DA45F4B2 /* Pods-TestingCircleCITests.release.xcconfig */;
			buildSettings = {
				BUNDLE_LOADER = "$(TEST_HOST)";
				FRAMEWORK_SEARCH_PATHS = (
					"$(SDKROOT)/Developer/Library/Frameworks",
					"$(inherited)",
				);
				INFOPLIST_FILE = TestingCircleCITests/Info.plist;
				LD_RUNPATH_SEARCH_PATHS = "$(inherited) @executable_path/Frameworks @loader_path/Frameworks";
				PRODUCT_NAME = "$(TARGET_NAME)";
				SWIFT_VERSION = 3.0;
				TEST_HOST = "$(BUILT_PRODUCTS_DIR)/TestingCircleCI.app/TestingCircleCI";
			};
			name = Release;
		};
/* End XCBuildConfiguration section */

/* Begin XCConfigurationList section */
		77DB9C041AA9079E001EAB7A /* Build configuration list for PBXProject "TestingCircleCI" */ = {
			isa = XCConfigurationList;
			buildConfigurations = (
				77DB9C261AA9079E001EAB7A /* Debug */,
				77DB9C271AA9079E001EAB7A /* Release */,
			);
			defaultConfigurationIsVisible = 0;
			defaultConfigurationName = Release;
		};
		77DB9C281AA9079E001EAB7A /* Build configuration list for PBXNativeTarget "TestingCircleCI" */ = {
			isa = XCConfigurationList;
			buildConfigurations = (
				77DB9C291AA9079E001EAB7A /* Debug */,
				77DB9C2A1AA9079E001EAB7A /* Release */,
			);
			defaultConfigurationIsVisible = 0;
			defaultConfigurationName = Release;
		};
		77DB9C2B1AA9079E001EAB7A /* Build configuration list for PBXNativeTarget "TestingCircleCITests" */ = {
			isa = XCConfigurationList;
			buildConfigurations = (
				77DB9C2C1AA9079E001EAB7A /* Debug */,
				77DB9C2D1AA9079E001EAB7A /* Release */,
			);
			defaultConfigurationIsVisible = 0;
			defaultConfigurationName = Release;
		};
/* End XCConfigurationList section */
	};
	rootObject = 77DB9C011AA9079E001EAB7A /* Project object */;
}
